
Microsoft Visual Studio Solution File, Format Version 12.00
# Visual Studio 2012
Project("{FAE04EC0-301F-11D3-BF4B-00C04F79EFBC}") = "ThreadExample1", "ThreadExample1\ThreadExample1.csproj", "{07F1E4EB-0008-4D58-A632-16059DB38343}"
EndProject
Global
	GlobalSection(SolutionConfigurationPlatforms) = preSolution
		Debug|Any CPU = Debug|Any CPU
		Release|Any CPU = Release|Any CPU
	EndGlobalSection
	GlobalSection(ProjectConfigurationPlatforms) = postSolution
		{07F1E4EB-0008-4D58-A632-16059DB38343}.Debug|Any CPU.ActiveCfg = Debug|Any CPU
		{07F1E4EB-0008-4D58-A632-16059DB38343}.Debug|Any CPU.Build.0 = Debug|Any CPU
		{07F1E4EB-0008-4D58-A632-16059DB38343}.Release|Any CPU.ActiveCfg = Release|Any CPU
		{07F1E4EB-0008-4D58-A632-16059DB38343}.Release|Any CPU.Build.0 = Release|Any CPU
	EndGlobalSection
	GlobalSection(SolutionProperties) = preSolution
		HideSolutionNode = FALSE
	EndGlobalSection
EndGlobal
